
Microsoft Visual Studio Solution File, Format Version 12.00
# Visual Studio Version 17
VisualStudioVersion = 17.8.34322.80
MinimumVisualStudioVersion = 10.0.40219.1
Project("{FAE04EC0-301F-11D3-BF4B-00C04F79EFBC}") = "ChairMarkerModTest", "ChairMarkerModTest\ChairMarkerModTest.csproj", "{52E79293-91AD-4258-9A7D-CA367E96DC3B}"
EndProject
Global
	GlobalSection(SolutionConfigurationPlatforms) = preSolution
		Debug|Any CPU = Debug|Any CPU
		Release|Any CPU = Release|Any CPU
	EndGlobalSection
	GlobalSection(ProjectConfigurationPlatforms) = postSolution
		{52E79293-91AD-4258-9A7D-CA367E96DC3B}.Debug|Any CPU.ActiveCfg = Debug|Any CPU
		{52E79293-91AD-4258-9A7D-CA367E96DC3B}.Debug|Any CPU.Build.0 = Debug|Any CPU
		{52E79293-91AD-4258-9A7D-CA367E96DC3B}.Release|Any CPU.ActiveCfg = Release|Any CPU
		{52E79293-91AD-4258-9A7D-CA367E96DC3B}.Release|Any CPU.Build.0 = Release|Any CPU
	EndGlobalSection
	GlobalSection(SolutionProperties) = preSolution
		HideSolutionNode = FALSE
	EndGlobalSection
	GlobalSection(ExtensibilityGlobals) = postSolution
		SolutionGuid = {B2E490D5-A322-4EA4-B771-4E3855E543FC}
	EndGlobalSection
EndGlobal
